{
    "_meta": {
        "hash": {
            "sha256": "cf0c1a03275ad5c192ff942224ccc0628ccd7a1f7efde84679674adc942f5e1c"
        },
        "pipfile-spec": 6,
        "requires": {
            "python_version": "3.5"
        },
        "sources": [
            {
                "name": "pypi",
                "url": "https://pypi.org/simple",
                "verify_ssl": true
            }
        ]
    },
    "default": {
        "numpy": {
            "hashes": [
                "sha256:0172304e7d8d40e9e49553901903dc5f5a49a703363ed756796f5808a06fc233",
                "sha256:34e96e9dae65c4839bd80012023aadd6ee2ccb73ce7fdf3074c62f301e63120b",
                "sha256:3676abe3d621fc467c4c1469ee11e395c82b2d6b5463a9454e37fe9da07cd0d7",
                "sha256:3dd6823d3e04b5f223e3e265b4a1eae15f104f4366edd409e5a5e413a98f911f",
                "sha256:4064f53d4cce69e9ac613256dc2162e56f20a4e2d2086b1956dd2fcf77b7fac5",
                "sha256:4674f7d27a6c1c52a4d1aa5f0881f1eff840d2206989bae6acb1c7668c02ebfb",
                "sha256:7d42ab8cedd175b5ebcb39b5208b25ba104842489ed59fbb29356f671ac93583",
                "sha256:965df25449305092b23d5145b9bdaeb0149b6e41a77a7d728b1644b3c99277c1",
                "sha256:9c9d6531bc1886454f44aa8f809268bc481295cf9740827254f53c30104f074a",
                "sha256:a78e438db8ec26d5d9d0e584b27ef25c7afa5a182d1bf4d05e313d2d6d515271",
                "sha256:a7acefddf994af1aeba05bbbafe4ba983a187079f125146dc5859e6d817df824",
                "sha256:a87f59508c2b7ceb8631c20630118cc546f1f815e034193dc72390db038a5cb3",
                "sha256:ac792b385d81151bae2a5a8adb2b88261ceb4976dbfaaad9ce3a200e036753dc",
                "sha256:b03b2c0badeb606d1232e5f78852c102c0a7989d3a534b3129e7856a52f3d161",
                "sha256:b39321f1a74d1f9183bf1638a745b4fd6fe80efbb1f6b32b932a588b4bc7695f",
                "sha256:cae14a01a159b1ed91a324722d746523ec757357260c6804d11d6147a9e53e3f",
                "sha256:cd49930af1d1e49a812d987c2620ee63965b619257bd76eaaa95870ca08837cf",
                "sha256:e15b382603c58f24265c9c931c9a45eebf44fe2e6b4eaedbb0d025ab3255228b",
                "sha256:e91d31b34fc7c2c8f756b4e902f901f856ae53a93399368d9a0dc7be17ed2ca0",
                "sha256:ef627986941b5edd1ed74ba89ca43196ed197f1a206a3f18cc9faf2fb84fd675",
                "sha256:f718a7949d1c4f622ff548c572e0c03440b49b9531ff00e4ed5738b459f011e8"
            ],
            "index": "pypi",
            "version": "==1.18.5"
        },
        "sqlalchemy": {
            "hashes": [
                "sha256:014ea143572fee1c18322b7908140ad23b3994036ef4c0d630110faf942652f8",
                "sha256:0172423a27fbcae3751ef016663b72e1a516777de324a76e30efa170dbd3dd2d",
                "sha256:01aa5f803db724447c1d423ed583e42bf5264c597fd55e4add4301f163b0be48",
                "sha256:0352db1befcbed2f9282e72843f1963860bf0e0472a4fa5cf8ee084318e0e6ab",
                "sha256:09083c2487ca3c0865dc588e07aeaa25416da3d95f7482c07e92f47e080aa17b",
                "sha256:0d5d862b1cfbec5028ce1ecac06a3b42bc7703eb80e4b53fceb2738724311443",
                "sha256:14f0eb5db872c231b20c18b1e5806352723a3a89fb4254af3b3e14f22eaaec75",
                "sha256:1e2f89d2e5e3c7a88e25a3b0e43626dba8db2aa700253023b82e630d12b37109",
                "sha256:26155ea7a243cbf23287f390dba13d7927ffa1586d3208e0e8d615d0c506f996",
                "sha256:2ed6343b625b16bcb63c5b10523fd15ed8934e1ed0f772c534985e9f5e73d894",
                "sha256:34fcec18f6e4b24b4a5f6185205a04f1eab1e56f8f1d028a2a03694ebcc2ddd4",
                "sha256:4d0e3515ef98aa4f0dc289ff2eebb0ece6260bbf37c2ea2022aad63797eacf60",
                "sha256:5de2464c254380d8a6c20a2746614d5a436260be1507491442cf1088e59430d2",
                "sha256:6607ae6cd3a07f8a4c3198ffbf256c261661965742e2b5265a77cd5c679c9bba",
                "sha256:8110e6c414d3efc574543109ee618fe2c1f96fa31833a1ff36cc34e968c4f233",
                "sha256:816de75418ea0953b5eb7b8a74933ee5a46719491cd2b16f718afc4b291a9658",
                "sha256:861e459b0e97673af6cc5e7f597035c2e3acdfb2608132665406cded25ba64c7",
                "sha256:87a2725ad7d41cd7376373c15fd8bf674e9c33ca56d0b8036add2d634dba372e",
                "sha256:a006d05d9aa052657ee3e4dc92544faae5fcbaafc6128217310945610d862d39",
                "sha256:bce28277f308db43a6b4965734366f533b3ff009571ec7ffa583cb77539b84d6",
                "sha256:c10ff6112d119f82b1618b6dc28126798481b9355d8748b64b9b55051eb4f01b",
                "sha256:d375d8ccd3cebae8d90270f7aa8532fe05908f79e78ae489068f3b4eee5994e8",
                "sha256:d37843fb8df90376e9e91336724d78a32b988d3d20ab6656da4eb8ee3a45b63c",
                "sha256:e47e257ba5934550d7235665eee6c911dc7178419b614ba9e1fbb1ce6325b14f",
                "sha256:e98d09f487267f1e8d1179bf3b9d7709b30a916491997137dd24d6ae44d18d79",
                "sha256:ebbb777cbf9312359b897bf81ba00dae0f5cb69fba2a18265dcc18a6f5ef7519",
                "sha256:ee5f5188edb20a29c1cc4a039b074fdc5575337c9a68f3063449ab47757bb064",
                "sha256:f03bd97650d2e42710fbe4cf8a59fae657f191df851fc9fc683ecef10746a375",
                "sha256:f1149d6e5c49d069163e58a3196865e4321bad1803d7886e07d8710de392c548",
                "sha256:f3c5c52f7cb8b84bfaaf22d82cb9e6e9a8297f7c2ed14d806a0f5e4d22e83fb7",
                "sha256:f597a243b8550a3a0b15122b14e49d8a7e622ba1c9d29776af741f1845478d79",
                "sha256:fc1f2a5a5963e2e73bac4926bdaf7790c4d7d77e8fc0590817880e22dd9d0b8b",
                "sha256:fc4cddb0b474b12ed7bdce6be1b9edc65352e8ce66bc10ff8cbbfb3d4047dbf4",
                "sha256:fcb251305fa24a490b6a9ee2180e5f8252915fb778d3dafc70f9cc3f863827b9"
            ],
            "index": "pypi",
            "version": "==1.3.24"
        }
    },
    "develop": {}
}
